
Microsoft Visual Studio Solution File, Format Version 12.00
# Visual Studio 2013
VisualStudioVersion = 12.0.21005.1
MinimumVisualStudioVersion = 10.0.40219.1
Project("{8BC9CEB8-8B4A-11D0-8D11-00A0C91BC942}") = "ctf", "ctf\ctf.vcxproj", "{605A69D9-5713-49A2-B020-17464F3D02DF}"
EndProject
Project("{8BC9CEB8-8B4A-11D0-8D11-00A0C91BC942}") = "game", "game\game.vcxproj", "{2ABC91DE-822B-4C50-A4CA-72FB9E1E9400}"
EndProject
Project("{8BC9CEB8-8B4A-11D0-8D11-00A0C91BC942}") = "quake2", "quake2.vcxproj", "{89953D53-1A89-4287-BA54-272D055CC14B}"
EndProject
Project("{8BC9CEB8-8B4A-11D0-8D11-00A0C91BC942}") = "ref_gl", "ref_gl\ref_gl.vcxproj", "{61D61407-955E-4B80-860C-0BEAD7B0885C}"
EndProject
Project("{8BC9CEB8-8B4A-11D0-8D11-00A0C91BC942}") = "ref_soft", "ref_soft\ref_soft.vcxproj", "{9B20A32D-62A8-46E0-B509-1B4A9131DC76}"
EndProject
Global
	GlobalSection(SolutionConfigurationPlatforms) = preSolution
		Debug Alpha|Win32 = Debug Alpha|Win32
		Debug|Win32 = Debug|Win32
		Release Alpha|Win32 = Release Alpha|Win32
		Release|Win32 = Release|Win32
		Template|Win32 = Template|Win32
	EndGlobalSection
	GlobalSection(ProjectConfigurationPlatforms) = postSolution
		{605A69D9-5713-49A2-B020-17464F3D02DF}.Debug Alpha|Win32.ActiveCfg = Debug Alpha|Win32
		{605A69D9-5713-49A2-B020-17464F3D02DF}.Debug Alpha|Win32.Build.0 = Debug Alpha|Win32
		{605A69D9-5713-49A2-B020-17464F3D02DF}.Debug|Win32.ActiveCfg = Debug|Win32
		{605A69D9-5713-49A2-B020-17464F3D02DF}.Debug|Win32.Build.0 = Debug|Win32
		{605A69D9-5713-49A2-B020-17464F3D02DF}.Release Alpha|Win32.ActiveCfg = Release Alpha|Win32
		{605A69D9-5713-49A2-B020-17464F3D02DF}.Release Alpha|Win32.Build.0 = Release Alpha|Win32
		{605A69D9-5713-49A2-B020-17464F3D02DF}.Release|Win32.ActiveCfg = Release|Win32
		{605A69D9-5713-49A2-B020-17464F3D02DF}.Release|Win32.Build.0 = Release|Win32
		{605A69D9-5713-49A2-B020-17464F3D02DF}.Template|Win32.ActiveCfg = Release Alpha|Win32
		{605A69D9-5713-49A2-B020-17464F3D02DF}.Template|Win32.Build.0 = Release Alpha|Win32
		{2ABC91DE-822B-4C50-A4CA-72FB9E1E9400}.Debug Alpha|Win32.ActiveCfg = Debug Alpha|Win32
		{2ABC91DE-822B-4C50-A4CA-72FB9E1E9400}.Debug Alpha|Win32.Build.0 = Debug Alpha|Win32
		{2ABC91DE-822B-4C50-A4CA-72FB9E1E9400}.Debug|Win32.ActiveCfg = Debug|Win32
		{2ABC91DE-822B-4C50-A4CA-72FB9E1E9400}.Debug|Win32.Build.0 = Debug|Win32
		{2ABC91DE-822B-4C50-A4CA-72FB9E1E9400}.Release Alpha|Win32.ActiveCfg = Release Alpha|Win32
		{2ABC91DE-822B-4C50-A4CA-72FB9E1E9400}.Release Alpha|Win32.Build.0 = Release Alpha|Win32
		{2ABC91DE-822B-4C50-A4CA-72FB9E1E9400}.Release|Win32.ActiveCfg = Release|Win32
		{2ABC91DE-822B-4C50-A4CA-72FB9E1E9400}.Release|Win32.Build.0 = Release|Win32
		{2ABC91DE-822B-4C50-A4CA-72FB9E1E9400}.Template|Win32.ActiveCfg = Template|Win32
		{2ABC91DE-822B-4C50-A4CA-72FB9E1E9400}.Template|Win32.Build.0 = Template|Win32
		{89953D53-1A89-4287-BA54-272D055CC14B}.Debug Alpha|Win32.ActiveCfg = Debug Alpha|Win32
		{89953D53-1A89-4287-BA54-272D055CC14B}.Debug Alpha|Win32.Build.0 = Debug Alpha|Win32
		{89953D53-1A89-4287-BA54-272D055CC14B}.Debug|Win32.ActiveCfg = Debug|Win32
		{89953D53-1A89-4287-BA54-272D055CC14B}.Debug|Win32.Build.0 = Debug|Win32
		{89953D53-1A89-4287-BA54-272D055CC14B}.Release Alpha|Win32.ActiveCfg = Release Alpha|Win32
		{89953D53-1A89-4287-BA54-272D055CC14B}.Release Alpha|Win32.Build.0 = Release Alpha|Win32
		{89953D53-1A89-4287-BA54-272D055CC14B}.Release|Win32.ActiveCfg = Release|Win32
		{89953D53-1A89-4287-BA54-272D055CC14B}.Release|Win32.Build.0 = Release|Win32
		{89953D53-1A89-4287-BA54-272D055CC14B}.Template|Win32.ActiveCfg = Template|Win32
		{89953D53-1A89-4287-BA54-272D055CC14B}.Template|Win32.Build.0 = Template|Win32
		{61D61407-955E-4B80-860C-0BEAD7B0885C}.Debug Alpha|Win32.ActiveCfg = Debug Alpha|Win32
		{61D61407-955E-4B80-860C-0BEAD7B0885C}.Debug Alpha|Win32.Build.0 = Debug Alpha|Win32
		{61D61407-955E-4B80-860C-0BEAD7B0885C}.Debug|Win32.ActiveCfg = Debug|Win32
		{61D61407-955E-4B80-860C-0BEAD7B0885C}.Debug|Win32.Build.0 = Debug|Win32
		{61D61407-955E-4B80-860C-0BEAD7B0885C}.Release Alpha|Win32.ActiveCfg = Release Alpha|Win32
		{61D61407-955E-4B80-860C-0BEAD7B0885C}.Release Alpha|Win32.Build.0 = Release Alpha|Win32
		{61D61407-955E-4B80-860C-0BEAD7B0885C}.Release|Win32.ActiveCfg = Release|Win32
		{61D61407-955E-4B80-860C-0BEAD7B0885C}.Release|Win32.Build.0 = Release|Win32
		{61D61407-955E-4B80-860C-0BEAD7B0885C}.Template|Win32.ActiveCfg = Template|Win32
		{61D61407-955E-4B80-860C-0BEAD7B0885C}.Template|Win32.Build.0 = Template|Win32
		{9B20A32D-62A8-46E0-B509-1B4A9131DC76}.Debug Alpha|Win32.ActiveCfg = Debug Alpha|Win32
		{9B20A32D-62A8-46E0-B509-1B4A9131DC76}.Debug Alpha|Win32.Build.0 = Debug Alpha|Win32
		{9B20A32D-62A8-46E0-B509-1B4A9131DC76}.Debug|Win32.ActiveCfg = Debug|Win32
		{9B20A32D-62A8-46E0-B509-1B4A9131DC76}.Debug|Win32.Build.0 = Debug|Win32
		{9B20A32D-62A8-46E0-B509-1B4A9131DC76}.Release Alpha|Win32.ActiveCfg = Release Alpha|Win32
		{9B20A32D-62A8-46E0-B509-1B4A9131DC76}.Release Alpha|Win32.Build.0 = Release Alpha|Win32
		{9B20A32D-62A8-46E0-B509-1B4A9131DC76}.Release|Win32.ActiveCfg = Release|Win32
		{9B20A32D-62A8-46E0-B509-1B4A9131DC76}.Release|Win32.Build.0 = Release|Win32
		{9B20A32D-62A8-46E0-B509-1B4A9131DC76}.Template|Win32.ActiveCfg = Template|Win32
		{9B20A32D-62A8-46E0-B509-1B4A9131DC76}.Template|Win32.Build.0 = Template|Win32
	EndGlobalSection
	GlobalSection(SolutionProperties) = preSolution
		HideSolutionNode = FALSE
	EndGlobalSection
EndGlobal
